
Microsoft Visual Studio Solution File, Format Version 12.00
# Visual Studio Express 2012 for Windows Desktop
Project("{F184B08F-C81C-45F6-A57F-5ABD9991F28F}") = "Lab3Part2", "Lab3Part2\Lab3Part2.vbproj", "{4A94DBDC-D13A-4683-B345-50FA45B9E1EE}"
EndProject
Global
	GlobalSection(SolutionConfigurationPlatforms) = preSolution
		Debug|Any CPU = Debug|Any CPU
		Release|Any CPU = Release|Any CPU
	EndGlobalSection
	GlobalSection(ProjectConfigurationPlatforms) = postSolution
		{4A94DBDC-D13A-4683-B345-50FA45B9E1EE}.Debug|Any CPU.ActiveCfg = Debug|Any CPU
		{4A94DBDC-D13A-4683-B345-50FA45B9E1EE}.Debug|Any CPU.Build.0 = Debug|Any CPU
		{4A94DBDC-D13A-4683-B345-50FA45B9E1EE}.Release|Any CPU.ActiveCfg = Release|Any CPU
		{4A94DBDC-D13A-4683-B345-50FA45B9E1EE}.Release|Any CPU.Build.0 = Release|Any CPU
	EndGlobalSection
	GlobalSection(SolutionProperties) = preSolution
		HideSolutionNode = FALSE
	EndGlobalSection
EndGlobal
